
Microsoft Visual Studio Solution File, Format Version 12.00
# Visual Studio Version 17
VisualStudioVersion = 17.5.33530.505
MinimumVisualStudioVersion = 10.0.40219.1
Project("{2150E333-8FDC-42A3-9474-1A3956D46DE8}") = "Services", "Services", "{8C1DD536-2AF0-4BB1-B7DB-6EA53513924A}"
EndProject
Project("{2150E333-8FDC-42A3-9474-1A3956D46DE8}") = "Catalog", "Catalog", "{FE57EA22-2BD3-44FE-B47F-C8FF3571EA3D}"
EndProject
Project("{9A19103F-16F7-4668-BE54-9A1E7A4F7556}") = "Catalog.API", "Services\Catalog\Catalog.API\Catalog.API.csproj", "{E4E1DFAD-3396-47BE-ADA3-8053B4D13CA6}"
EndProject
Project("{E53339B2-1760-4266-BCC7-CA923CBCF16C}") = "docker-compose", "docker-compose.dcproj", "{DD200D33-FD90-4241-8C73-A25E9C8BFD78}"
EndProject
Global
	GlobalSection(SolutionConfigurationPlatforms) = preSolution
		Debug|Any CPU = Debug|Any CPU
		Release|Any CPU = Release|Any CPU
	EndGlobalSection
	GlobalSection(ProjectConfigurationPlatforms) = postSolution
		{E4E1DFAD-3396-47BE-ADA3-8053B4D13CA6}.Debug|Any CPU.ActiveCfg = Debug|Any CPU
		{E4E1DFAD-3396-47BE-ADA3-8053B4D13CA6}.Debug|Any CPU.Build.0 = Debug|Any CPU
		{E4E1DFAD-3396-47BE-ADA3-8053B4D13CA6}.Release|Any CPU.ActiveCfg = Release|Any CPU
		{E4E1DFAD-3396-47BE-ADA3-8053B4D13CA6}.Release|Any CPU.Build.0 = Release|Any CPU
		{DD200D33-FD90-4241-8C73-A25E9C8BFD78}.Debug|Any CPU.ActiveCfg = Debug|Any CPU
		{DD200D33-FD90-4241-8C73-A25E9C8BFD78}.Debug|Any CPU.Build.0 = Debug|Any CPU
		{DD200D33-FD90-4241-8C73-A25E9C8BFD78}.Release|Any CPU.ActiveCfg = Release|Any CPU
		{DD200D33-FD90-4241-8C73-A25E9C8BFD78}.Release|Any CPU.Build.0 = Release|Any CPU
	EndGlobalSection
	GlobalSection(SolutionProperties) = preSolution
		HideSolutionNode = FALSE
	EndGlobalSection
	GlobalSection(NestedProjects) = preSolution
		{FE57EA22-2BD3-44FE-B47F-C8FF3571EA3D} = {8C1DD536-2AF0-4BB1-B7DB-6EA53513924A}
		{E4E1DFAD-3396-47BE-ADA3-8053B4D13CA6} = {FE57EA22-2BD3-44FE-B47F-C8FF3571EA3D}
	EndGlobalSection
	GlobalSection(ExtensibilityGlobals) = postSolution
		SolutionGuid = {346FF39F-8EE8-444D-A06D-2FFCDB6F356D}
	EndGlobalSection
EndGlobal
